Microsoft Visual Studio Solution File, Format Version 12.00
# Visual Studio Version 17
VisualStudioVersion = 17.5.2.0
MinimumVisualStudioVersion = 10.0.40219.1
Project("{2150E333-8FDC-42A3-9474-1A3956D46DE8}") = "dotnet", "dotnet", "{71E6E750-85FD-B5BC-4321-E01377EC6231}"
EndProject
Project("{FAE04EC0-301F-11D3-BF4B-00C04F79EFBC}") = "OnboardingBuddyTest", "dotnet\OnboardingBuddyTest\OnboardingBuddyTest.csproj", "{B7F935AF-C77E-F921-0C6C-1A7AF078E7B8}"
EndProject
Global
	GlobalSection(SolutionConfigurationPlatforms) = preSolution
		Debug|Any CPU = Debug|Any CPU
		Release|Any CPU = Release|Any CPU
	EndGlobalSection
	GlobalSection(ProjectConfigurationPlatforms) = postSolution
		{B7F935AF-C77E-F921-0C6C-1A7AF078E7B8}.Debug|Any CPU.ActiveCfg = Debug|Any CPU
		{B7F935AF-C77E-F921-0C6C-1A7AF078E7B8}.Debug|Any CPU.Build.0 = Debug|Any CPU
		{B7F935AF-C77E-F921-0C6C-1A7AF078E7B8}.Release|Any CPU.ActiveCfg = Release|Any CPU
		{B7F935AF-C77E-F921-0C6C-1A7AF078E7B8}.Release|Any CPU.Build.0 = Release|Any CPU
	EndGlobalSection
	GlobalSection(SolutionProperties) = preSolution
		HideSolutionNode = FALSE
	EndGlobalSection
	GlobalSection(NestedProjects) = preSolution
		{B7F935AF-C77E-F921-0C6C-1A7AF078E7B8} = {71E6E750-85FD-B5BC-4321-E01377EC6231}
	EndGlobalSection
	GlobalSection(ExtensibilityGlobals) = postSolution
		SolutionGuid = {21D0D377-9D0B-4AD1-8922-A13DE82331CD}
	EndGlobalSection
EndGlobal
